Microsoft Visual Studio Solution File, Format Version 12.00
# Visual Studio Version 17
VisualStudioVersion = 17.5.2.0
MinimumVisualStudioVersion = 10.0.40219.1
Project("{FAE04EC0-301F-11D3-BF4B-00C04F79EFBC}") = "Book-manager/backend", "Book-manager.csproj", "{CD88EC74-1F3E-BDAF-C5D8-72C2D5E7BEB8}"
EndProject
Global
	GlobalSection(SolutionConfigurationPlatforms) = preSolution
		Debug|Any CPU = Debug|Any CPU
		Release|Any CPU = Release|Any CPU
	EndGlobalSection
	GlobalSection(ProjectConfigurationPlatforms) = postSolution
		{CD88EC74-1F3E-BDAF-C5D8-72C2D5E7BEB8}.Debug|Any CPU.ActiveCfg = Debug|Any CPU
		{CD88EC74-1F3E-BDAF-C5D8-72C2D5E7BEB8}.Debug|Any CPU.Build.0 = Debug|Any CPU
		{CD88EC74-1F3E-BDAF-C5D8-72C2D5E7BEB8}.Release|Any CPU.ActiveCfg = Release|Any CPU
		{CD88EC74-1F3E-BDAF-C5D8-72C2D5E7BEB8}.Release|Any CPU.Build.0 = Release|Any CPU
	EndGlobalSection
	GlobalSection(SolutionProperties) = preSolution
		HideSolutionNode = FALSE
	EndGlobalSection
	GlobalSection(ExtensibilityGlobals) = postSolution
		SolutionGuid = {6010DB4D-C5CA-44D8-849C-54A3881F25F8}
	EndGlobalSection
EndGlobal
